
Microsoft Visual Studio Solution File, Format Version 12.00
# Visual Studio Version 16
VisualStudioVersion = 16.0.30523.141
MinimumVisualStudioVersion = 10.0.40219.1
Project("{FAE04EC0-301F-11D3-BF4B-00C04F79EFBC}") = "EstructurasArboles", "EstructurasArboles\EstructurasArboles.csproj", "{4FE77304-68F3-4C18-9F46-836261D8B655}"
EndProject
Global
	GlobalSection(SolutionConfigurationPlatforms) = preSolution
		Debug|Any CPU = Debug|Any CPU
		Release|Any CPU = Release|Any CPU
	EndGlobalSection
	GlobalSection(ProjectConfigurationPlatforms) = postSolution
		{4FE77304-68F3-4C18-9F46-836261D8B655}.Debug|Any CPU.ActiveCfg = Debug|Any CPU
		{4FE77304-68F3-4C18-9F46-836261D8B655}.Debug|Any CPU.Build.0 = Debug|Any CPU
		{4FE77304-68F3-4C18-9F46-836261D8B655}.Release|Any CPU.ActiveCfg = Release|Any CPU
		{4FE77304-68F3-4C18-9F46-836261D8B655}.Release|Any CPU.Build.0 = Release|Any CPU
	EndGlobalSection
	GlobalSection(SolutionProperties) = preSolution
		HideSolutionNode = FALSE
	EndGlobalSection
	GlobalSection(ExtensibilityGlobals) = postSolution
		SolutionGuid = {ECEB2A1D-AECD-4F2A-9189-30B5911F78A6}
	EndGlobalSection
EndGlobal
